
Microsoft Visual Studio Solution File, Format Version 12.00
# Visual Studio 15
VisualStudioVersion = 15.0.28307.102
MinimumVisualStudioVersion = 10.0.40219.1
Project("{FAE04EC0-301F-11D3-BF4B-00C04F79EFBC}") = "GestorDeEstudos.View", "Tela_Cadastro_Questoes\GestorDeEstudos.View.csproj", "{2DEE1E99-05A4-4AB3-82D0-558CD39F57F4}"
EndProject
Global
	GlobalSection(SolutionConfigurationPlatforms) = preSolution
		Debug|Any CPU = Debug|Any CPU
		Release|Any CPU = Release|Any CPU
	EndGlobalSection
	GlobalSection(ProjectConfigurationPlatforms) = postSolution
		{2DEE1E99-05A4-4AB3-82D0-558CD39F57F4}.Debug|Any CPU.ActiveCfg = Debug|Any CPU
		{2DEE1E99-05A4-4AB3-82D0-558CD39F57F4}.Debug|Any CPU.Build.0 = Debug|Any CPU
		{2DEE1E99-05A4-4AB3-82D0-558CD39F57F4}.Release|Any CPU.ActiveCfg = Release|Any CPU
		{2DEE1E99-05A4-4AB3-82D0-558CD39F57F4}.Release|Any CPU.Build.0 = Release|Any CPU
	EndGlobalSection
	GlobalSection(SolutionProperties) = preSolution
		HideSolutionNode = FALSE
	EndGlobalSection
	GlobalSection(ExtensibilityGlobals) = postSolution
		SolutionGuid = {C6129E96-E922-4895-A505-C00F2489EB42}
	EndGlobalSection
EndGlobal
